
Microsoft Visual Studio Solution File, Format Version 12.00
# Visual Studio Version 16
VisualStudioVersion = 16.0.31321.278
MinimumVisualStudioVersion = 10.0.40219.1
Project("{9A19103F-16F7-4668-BE54-9A1E7A4F7556}") = "NorthwindMvc", "NorthwindMvc\NorthwindMvc.csproj", "{0717F6C8-841B-4266-8642-0ED2EF719C7D}"
EndProject
Project("{9A19103F-16F7-4668-BE54-9A1E7A4F7556}") = "WorkingWithEFCore", "WorkingWithEFCore\WorkingWithEFCore.csproj", "{350503D4-C163-4BBC-9A27-5F9A7F51B550}"
EndProject
Project("{9A19103F-16F7-4668-BE54-9A1E7A4F7556}") = "NorthwindService", "PracticalApps\NorthwindService\NorthwindService.csproj", "{17DB10DA-0982-422A-A2FD-AC2521666A20}"
EndProject
Global
	GlobalSection(SolutionConfigurationPlatforms) = preSolution
		Debug|Any CPU = Debug|Any CPU
		Release|Any CPU = Release|Any CPU
	EndGlobalSection
	GlobalSection(ProjectConfigurationPlatforms) = postSolution
		{0717F6C8-841B-4266-8642-0ED2EF719C7D}.Debug|Any CPU.ActiveCfg = Debug|Any CPU
		{0717F6C8-841B-4266-8642-0ED2EF719C7D}.Debug|Any CPU.Build.0 = Debug|Any CPU
		{0717F6C8-841B-4266-8642-0ED2EF719C7D}.Release|Any CPU.ActiveCfg = Release|Any CPU
		{0717F6C8-841B-4266-8642-0ED2EF719C7D}.Release|Any CPU.Build.0 = Release|Any CPU
		{350503D4-C163-4BBC-9A27-5F9A7F51B550}.Debug|Any CPU.ActiveCfg = Debug|Any CPU
		{350503D4-C163-4BBC-9A27-5F9A7F51B550}.Debug|Any CPU.Build.0 = Debug|Any CPU
		{350503D4-C163-4BBC-9A27-5F9A7F51B550}.Release|Any CPU.ActiveCfg = Release|Any CPU
		{350503D4-C163-4BBC-9A27-5F9A7F51B550}.Release|Any CPU.Build.0 = Release|Any CPU
		{17DB10DA-0982-422A-A2FD-AC2521666A20}.Debug|Any CPU.ActiveCfg = Debug|Any CPU
		{17DB10DA-0982-422A-A2FD-AC2521666A20}.Debug|Any CPU.Build.0 = Debug|Any CPU
		{17DB10DA-0982-422A-A2FD-AC2521666A20}.Release|Any CPU.ActiveCfg = Release|Any CPU
		{17DB10DA-0982-422A-A2FD-AC2521666A20}.Release|Any CPU.Build.0 = Release|Any CPU
	EndGlobalSection
	GlobalSection(SolutionProperties) = preSolution
		HideSolutionNode = FALSE
	EndGlobalSection
	GlobalSection(ExtensibilityGlobals) = postSolution
		SolutionGuid = {42A6B289-59B9-460E-AE32-85A4E10B8421}
	EndGlobalSection
EndGlobal
